{
  "requires": true,
  "lockfileVersion": 1,
  "dependencies": {
    "primeicons": {
      "version": "4.0.0",
      "resolved": "https://registry.npmjs.org/primeicons/-/primeicons-4.0.0.tgz",
      "integrity": "sha512-JQBIswGSItn8I0Pq21RchENpKJxSi1MjfBDfggMQpXtoKNKblJoHmol/7tCV3CAV2Dlb94ht8TD8qdIAW01pGg=="
    },
    "primeng": {
      "version": "9.1.0",
      "resolved": "https://registry.npmjs.org/primeng/-/primeng-9.1.0.tgz",
      "integrity": "sha512-EeW+WA7uT4/7UBJ23Gfb4x8MaTdFpeV9XxAy68K/XIoeTmZ2hNJrdVdfF63y6k7nxwA/mOrkIMshY0eM8nMzoQ=="
    }
  }
}
